{
  "name": "kapsalonx",
  "version": "1.0.0",
  "lockfileVersion": 1,
  "requires": true,
  "dependencies": {
    "@syncfusion/ej2-base": {
      "version": "16.4.42",
      "resolved": "https://registry.npmjs.org/@syncfusion/ej2-base/-/ej2-base-16.4.42.tgz",
      "integrity": "sha512-ft5zjNCoibUrSioWTTGp7nerifxuP0LYi8Wq6CJRra9smcNYIpOfNq0dRkt97HzDPTrFf6Cy1sziULTkIlijlA=="
    },
    "@syncfusion/ej2-buttons": {
      "version": "16.4.42",
      "resolved": "https://registry.npmjs.org/@syncfusion/ej2-buttons/-/ej2-buttons-16.4.42.tgz",
      "integrity": "sha512-BdiOouLJjLIok4YHgyF0IQ9V1EU8UBmLKj3sSrZfn8DmT0I9EI3uOsISfn4Ae8PyLc3I3b1aEMj8xCN50J0YTw==",
      "requires": {
        "@syncfusion/ej2-base": "~16.4.42"
      }
    },
    "@syncfusion/ej2-calendars": {
      "version": "16.4.45",
      "resolved": "https://registry.npmjs.org/@syncfusion/ej2-calendars/-/ej2-calendars-16.4.45.tgz",
      "integrity": "sha512-dL6w8eW9HsXZZGNIK/i/VEzMoFZNSbcsL4CQtz2dotAsB14plKFQ06bbTVTfyTsg9PeQlgv+NsVa1NQeI1exPA==",
      "dev": true,
      "requires": {
        "@syncfusion/ej2-base": "~16.4.42",
        "@syncfusion/ej2-buttons": "~16.4.42",
        "@syncfusion/ej2-inputs": "~16.4.45",
        "@syncfusion/ej2-lists": "~16.4.44",
        "@syncfusion/ej2-popups": "~16.4.45"
      }
    },
    "@syncfusion/ej2-compression": {
      "version": "16.4.42",
      "resolved": "https://registry.npmjs.org/@syncfusion/ej2-compression/-/ej2-compression-16.4.42.tgz",
      "integrity": "sha512-ndc5wuPcQ2HEe6LdJEinu95ksmnShXE+jkTw9BNRxsEurKgQm8h9tnHEM5L+02nCs9cRvoTbdbE2s2MCbWd72g==",
      "dev": true,
      "requires": {
        "@syncfusion/ej2-file-utils": "~16.4.42"
      }
    },
    "@syncfusion/ej2-data": {
      "version": "16.4.45",
      "resolved": "https://registry.npmjs.org/@syncfusion/ej2-data/-/ej2-data-16.4.45.tgz",
      "integrity": "sha512-+shiySd3qftUxl/37b5vnIZmNfMImWtHOuU1WY7z+8vcigRA4N0KMeOhysDlvWEILx7C7T3nlBtcIAc7hMUEmg==",
      "dev": true,
      "requires": {
        "@syncfusion/ej2-base": "~16.4.42"
      }
    },
    "@syncfusion/ej2-dropdowns": {
      "version": "16.4.44",
      "resolved": "https://registry.npmjs.org/@syncfusion/ej2-dropdowns/-/ej2-dropdowns-16.4.44.tgz",
      "integrity": "sha512-LN8ydL8C1jLexV1Tr0+Q8oA/DvsEMaQ+g0kXadWSjaYphDWexYNlZmsIYOuUgYhlLHBFsn0oKqYJy9vFBwzX8w==",
      "dev": true,
      "requires": {
        "@syncfusion/ej2-base": "~16.4.42",
        "@syncfusion/ej2-data": "~16.4.42",
        "@syncfusion/ej2-inputs": "~16.4.44",
        "@syncfusion/ej2-lists": "~16.4.44",
        "@syncfusion/ej2-popups": "~16.4.44"
      }
    },
    "@syncfusion/ej2-excel-export": {
      "version": "16.4.42",
      "resolved": "https://registry.npmjs.org/@syncfusion/ej2-excel-export/-/ej2-excel-export-16.4.42.tgz",
      "integrity": "sha512-KVoM+w0la5uuPwwOiM0FAmXdSA+VsTgZN2XerMaM+fsfCSRrX17HsArrrYOJIroeTuZQKPgUiW6J346EqWc1Iw==",
      "dev": true,
      "requires": {
        "@syncfusion/ej2-base": "~16.4.42",
        "@syncfusion/ej2-compression": "~16.4.42"
      }
    },
    "@syncfusion/ej2-file-utils": {
      "version": "16.4.42",
      "resolved": "https://registry.npmjs.org/@syncfusion/ej2-file-utils/-/ej2-file-utils-16.4.42.tgz",
      "integrity": "sha512-aNtE0bb0TvWp1QJlT/LotPJSkqqLTWPexxOs/yvnqOLcHTlsjFnzaNe0BU/2HbfJjVNbLea2c9ncEYIDAtSoNQ==",
      "dev": true
    },
    "@syncfusion/ej2-grids": {
      "version": "16.4.45",
      "resolved": "https://registry.npmjs.org/@syncfusion/ej2-grids/-/ej2-grids-16.4.45.tgz",
      "integrity": "sha512-smnOtpMYmSNZeAzz0L6lj6iuH02XoIpSz18pF6K+vg6y+U5nnwGduqF7CxsCuG5ce3XTQd6FCF0zW89rQpLO2A==",
      "dev": true,
      "requires": {
        "@syncfusion/ej2-base": "~16.4.42",
        "@syncfusion/ej2-buttons": "~16.4.42",
        "@syncfusion/ej2-calendars": "~16.4.45",
        "@syncfusion/ej2-compression": "~16.4.42",
        "@syncfusion/ej2-data": "~16.4.45",
        "@syncfusion/ej2-dropdowns": "~16.4.44",
        "@syncfusion/ej2-excel-export": "~16.4.42",
        "@syncfusion/ej2-file-utils": "~16.4.42",
        "@syncfusion/ej2-inputs": "~16.4.45",
        "@syncfusion/ej2-lists": "~16.4.44",
        "@syncfusion/ej2-navigations": "~16.4.45",
        "@syncfusion/ej2-pdf-export": "~16.4.42",
        "@syncfusion/ej2-popups": "~16.4.45",
        "@syncfusion/ej2-splitbuttons": "~16.4.42"
      }
    },
    "@syncfusion/ej2-inputs": {
      "version": "16.4.45",
      "resolved": "https://registry.npmjs.org/@syncfusion/ej2-inputs/-/ej2-inputs-16.4.45.tgz",
      "integrity": "sha512-5Qsx0Eu3gyT+bHp0xgJ+YsefN36DwNBVn3IkgO8a1u/bacXPBLZN+3o97IuZy6C9OLUdLrkLOy5cBqcI6/kM5g==",
      "requires": {
        "@syncfusion/ej2-base": "~16.4.42",
        "@syncfusion/ej2-buttons": "~16.4.42",
        "@syncfusion/ej2-popups": "~16.4.45",
        "@syncfusion/ej2-splitbuttons": "~16.4.42"
      }
    },
    "@syncfusion/ej2-lists": {
      "version": "16.4.44",
      "resolved": "https://registry.npmjs.org/@syncfusion/ej2-lists/-/ej2-lists-16.4.44.tgz",
      "integrity": "sha512-lgrc4LgFi0VHWF9kMHSGuW7zo9DZq1/c7ZcC9sYEkT077B6nu9CsR49dvO3djhyDWnLsCEt0wHIUUYeLEGgMiw==",
      "dev": true,
      "requires": {
        "@syncfusion/ej2-base": "~16.4.42",
        "@syncfusion/ej2-buttons": "~16.4.42",
        "@syncfusion/ej2-data": "~16.4.42"
      }
    },
    "@syncfusion/ej2-navigations": {
      "version": "16.4.45",
      "resolved": "https://registry.npmjs.org/@syncfusion/ej2-navigations/-/ej2-navigations-16.4.45.tgz",
      "integrity": "sha512-Et5mA8JddGaR0/2tmotvu286cPD8x/Yp9pqnUaQ5zMy++m2ZH3pABArmmtCJSyCIVZf0gcguDwJph0+5ZQTaHg==",
      "dev": true,
      "requires": {
        "@syncfusion/ej2-base": "~16.4.42",
        "@syncfusion/ej2-buttons": "~16.4.42",
        "@syncfusion/ej2-data": "~16.4.45",
        "@syncfusion/ej2-inputs": "~16.4.45",
        "@syncfusion/ej2-lists": "~16.4.44",
        "@syncfusion/ej2-popups": "~16.4.45"
      }
    },
    "@syncfusion/ej2-pdf-export": {
      "version": "16.4.42",
      "resolved": "https://registry.npmjs.org/@syncfusion/ej2-pdf-export/-/ej2-pdf-export-16.4.42.tgz",
      "integrity": "sha512-OtTlyseOE/aIUq8jJSLF6c0AQj4mQbDtWJE42kM/D4VenLw8IisfxRVCDiXvQBtI/eG2qNhIUI+rA8MsMgotBA==",
      "dev": true,
      "requires": {
        "@syncfusion/ej2-compression": "~16.4.42"
      }
    },
    "@syncfusion/ej2-popups": {
      "version": "16.4.45",
      "resolved": "https://registry.npmjs.org/@syncfusion/ej2-popups/-/ej2-popups-16.4.45.tgz",
      "integrity": "sha512-mnA9Fi0e0kxmsS7Uyr20E0VDHre7m6bBXnPqH2hpoLayPqxAsRASNAOtWwAUwnLs+eC4vMiBXs3/ELsfPPnRyw==",
      "requires": {
        "@syncfusion/ej2-base": "~16.4.42",
        "@syncfusion/ej2-buttons": "~16.4.42"
      }
    },
    "@syncfusion/ej2-splitbuttons": {
      "version": "16.4.42",
      "resolved": "https://registry.npmjs.org/@syncfusion/ej2-splitbuttons/-/ej2-splitbuttons-16.4.42.tgz",
      "integrity": "sha512-DJganReX6T1eY+2Vrfdp6eNQmMnontTeoS+nDwkNwa9hY4dx2NN8YsC7SDV8/frHrcCnm9KV5ZDpgM/UfqpQgQ==",
      "requires": {
        "@syncfusion/ej2-base": "~16.4.42",
        "@syncfusion/ej2-popups": "~16.4.42"
      }
    },
    "@syncfusion/ej2-vue-base": {
      "version": "16.4.42",
      "resolved": "https://registry.npmjs.org/@syncfusion/ej2-vue-base/-/ej2-vue-base-16.4.42.tgz",
      "integrity": "sha512-mZISo95a63OLb3Wn1Cx7gwK+BVblYF4YhT+xaYKqMxOnYBGINFOt6zGGzD8HemRbq2M6DJgrUKEuA5z7dEHFRg==",
      "requires": {
        "@syncfusion/ej2-base": "16.4.42",
        "vue": "^2.5.2"
      }
    },
    "@syncfusion/ej2-vue-buttons": {
      "version": "16.4.42",
      "resolved": "https://registry.npmjs.org/@syncfusion/ej2-vue-buttons/-/ej2-vue-buttons-16.4.42.tgz",
      "integrity": "sha512-64BNJlUnh9yqRRA+URJw2Pr07TUhQk8NWLbbCkp/E2YlaKhsbT/V+GCM4s2Q9pCINCUw9RFCjkw21KOmTeSXxw==",
      "requires": {
        "@syncfusion/ej2-base": "~16.4.42",
        "@syncfusion/ej2-buttons": "16.4.42",
        "@syncfusion/ej2-vue-base": "~16.4.42"
      }
    },
    "@syncfusion/ej2-vue-grids": {
      "version": "16.4.45",
      "resolved": "https://registry.npmjs.org/@syncfusion/ej2-vue-grids/-/ej2-vue-grids-16.4.45.tgz",
      "integrity": "sha512-9tt/0LvMJ7XzcAtJK50Sw4+cjvnmqzHEY9dVsJL/5vijojKOt65kQ1xHO+AocQ+6LmVHPZOzutWxXJ7T4cFoNg==",
      "dev": true,
      "requires": {
        "@syncfusion/ej2-base": "~16.4.42",
        "@syncfusion/ej2-grids": "16.4.45",
        "@syncfusion/ej2-vue-base": "~16.4.42"
      }
    },
    "@syncfusion/ej2-vue-inputs": {
      "version": "16.4.45",
      "resolved": "https://registry.npmjs.org/@syncfusion/ej2-vue-inputs/-/ej2-vue-inputs-16.4.45.tgz",
      "integrity": "sha512-/+TkEecDIl79Dr9kMU/wiXLPq1pNXxY//kPtmCfa6MjQvrM540E0fY7p5jf54VoSpA+y4QzcSwZSiLgROgYorQ==",
      "requires": {
        "@syncfusion/ej2-base": "~16.4.42",
        "@syncfusion/ej2-inputs": "16.4.45",
        "@syncfusion/ej2-vue-base": "~16.4.42"
      }
    },
    "vee-validate": {
      "version": "2.1.2",
      "resolved": "https://registry.npmjs.org/vee-validate/-/vee-validate-2.1.2.tgz",
      "integrity": "sha512-6Gr7jxXRnRhAg4QKedWF2mqtJ5MF6os8OBUtWS4XTOyGMbwa1UsJOPogqxEJA1qNqf5fUwqr/uP5Vs1zVyHSxA==",
      "dev": true
    },
    "vue": {
      "version": "2.5.21",
      "resolved": "https://registry.npmjs.org/vue/-/vue-2.5.21.tgz",
      "integrity": "sha512-Aejvyyfhn0zjVeLvXd70h4hrE4zZDx1wfZqia6ekkobLmUZ+vNFQer53B4fu0EjWBSiqApxPejzkO1Znt3joxQ=="
    },
    "vue-awesome": {
      "version": "3.3.1",
      "resolved": "https://registry.npmjs.org/vue-awesome/-/vue-awesome-3.3.1.tgz",
      "integrity": "sha512-AybgLXfguWCIJaqZ1qD0gfEA31W0psKk3Nmou7QIssuQaEETHuELXMKW4vCg2c+i52iLPBaqDNQLlKWVcY8xnw=="
    },
    "vue-burger-menu": {
      "version": "2.0.0",
      "resolved": "https://registry.npmjs.org/vue-burger-menu/-/vue-burger-menu-2.0.0.tgz",
      "integrity": "sha512-d4cKgeiWu7NA9IXdZd43hzSmpwWVUc/Lr3K8hT/b/I2F30f62D/zTZ/wRQy2s3f3TAOSPbYY9rsrY6lllJUxcw==",
      "requires": {
        "vue": "^2.5.17"
      }
    },
    "vue-over-body": {
      "version": "0.0.5",
      "resolved": "https://registry.npmjs.org/vue-over-body/-/vue-over-body-0.0.5.tgz",
      "integrity": "sha512-PZUeSz1Os4FoCL1wwkNo5nyR1Hd3ECg36A4KUnd4iXGwgqcNWQcflds6G6tCf32o98IR8F8v0ogY9pBFF5c57A=="
    },
    "vue-tree-nav": {
      "version": "0.0.11",
      "resolved": "https://registry.npmjs.org/vue-tree-nav/-/vue-tree-nav-0.0.11.tgz",
      "integrity": "sha512-4yHj/Yp50EkUl8jcNoDaYUKXsQ4FX4I6ZGECcqd69koXB8tiOvFTnR6P5Gf1HD10lY/D74Nuq9z7ZOT0KOjLJw==",
      "requires": {
        "vue-awesome": "^3.1.0",
        "vue-over-body": "0.0.5"
      }
    }
  }
}
