
Microsoft Visual Studio Solution File, Format Version 12.00
# Visual Studio 15
VisualStudioVersion = 15.0.28010.2046
MinimumVisualStudioVersion = 10.0.40219.1
Project("{9A19103F-16F7-4668-BE54-9A1E7A4F7556}") = "EE.KapsalonX.Web", "EE.KapsalonX\EE.KapsalonX.Web.csproj", "{0E21578C-18F4-4D30-9AA0-C3F387B0E044}"
EndProject
Project("{FAE04EC0-301F-11D3-BF4B-00C04F79EFBC}") = "EE.KapsalonX.Domain", "EE.KapsalonX.Domain\EE.KapsalonX.Domain.csproj", "{14C740A9-48B7-4F37-974A-4AECF8792575}"
EndProject
Global
	GlobalSection(SolutionConfigurationPlatforms) = preSolution
		Debug|Any CPU = Debug|Any CPU
		Release|Any CPU = Release|Any CPU
	EndGlobalSection
	GlobalSection(ProjectConfigurationPlatforms) = postSolution
		{0E21578C-18F4-4D30-9AA0-C3F387B0E044}.Debug|Any CPU.ActiveCfg = Debug|Any CPU
		{0E21578C-18F4-4D30-9AA0-C3F387B0E044}.Debug|Any CPU.Build.0 = Debug|Any CPU
		{0E21578C-18F4-4D30-9AA0-C3F387B0E044}.Release|Any CPU.ActiveCfg = Release|Any CPU
		{0E21578C-18F4-4D30-9AA0-C3F387B0E044}.Release|Any CPU.Build.0 = Release|Any CPU
		{14C740A9-48B7-4F37-974A-4AECF8792575}.Debug|Any CPU.ActiveCfg = Debug|Any CPU
		{14C740A9-48B7-4F37-974A-4AECF8792575}.Debug|Any CPU.Build.0 = Debug|Any CPU
		{14C740A9-48B7-4F37-974A-4AECF8792575}.Release|Any CPU.ActiveCfg = Release|Any CPU
		{14C740A9-48B7-4F37-974A-4AECF8792575}.Release|Any CPU.Build.0 = Release|Any CPU
	EndGlobalSection
	GlobalSection(SolutionProperties) = preSolution
		HideSolutionNode = FALSE
	EndGlobalSection
	GlobalSection(ExtensibilityGlobals) = postSolution
		SolutionGuid = {BFA7928F-3ADB-4837-8AA3-DC9E5ADC3D6E}
	EndGlobalSection
EndGlobal
